
Microsoft Visual Studio Solution File, Format Version 12.00
# Visual Studio Version 17
VisualStudioVersion = 17.13.35825.156
MinimumVisualStudioVersion = 10.0.40219.1
Project("{FAE04EC0-301F-11D3-BF4B-00C04F79EFBC}") = "text-adventure-game", "text-adventure-game\text-adventure-game.csproj", "{99DA4B11-ECC3-49E0-8AC7-804D06D750D8}"
EndProject
Project("{FAE04EC0-301F-11D3-BF4B-00C04F79EFBC}") = "text-adventure-game.Test", "text-adventure-game.Test\text-adventure-game.Test.csproj", "{D972FD17-FBF2-4A39-BF17-E99310883B33}"
EndProject
Global
	GlobalSection(SolutionConfigurationPlatforms) = preSolution
		Debug|Any CPU = Debug|Any CPU
		Release|Any CPU = Release|Any CPU
	EndGlobalSection
	GlobalSection(ProjectConfigurationPlatforms) = postSolution
		{99DA4B11-ECC3-49E0-8AC7-804D06D750D8}.Debug|Any CPU.ActiveCfg = Debug|Any CPU
		{99DA4B11-ECC3-49E0-8AC7-804D06D750D8}.Debug|Any CPU.Build.0 = Debug|Any CPU
		{99DA4B11-ECC3-49E0-8AC7-804D06D750D8}.Release|Any CPU.ActiveCfg = Release|Any CPU
		{99DA4B11-ECC3-49E0-8AC7-804D06D750D8}.Release|Any CPU.Build.0 = Release|Any CPU
		{D972FD17-FBF2-4A39-BF17-E99310883B33}.Debug|Any CPU.ActiveCfg = Debug|Any CPU
		{D972FD17-FBF2-4A39-BF17-E99310883B33}.Debug|Any CPU.Build.0 = Debug|Any CPU
		{D972FD17-FBF2-4A39-BF17-E99310883B33}.Release|Any CPU.ActiveCfg = Release|Any CPU
		{D972FD17-FBF2-4A39-BF17-E99310883B33}.Release|Any CPU.Build.0 = Release|Any CPU
	EndGlobalSection
	GlobalSection(SolutionProperties) = preSolution
		HideSolutionNode = FALSE
	EndGlobalSection
	GlobalSection(ExtensibilityGlobals) = postSolution
		SolutionGuid = {12074189-1006-4366-BF91-DF314764C820}
	EndGlobalSection
EndGlobal
